
Microsoft Visual Studio Solution File, Format Version 10.00
# Visual Studio 2008
Project("{FAE04EC0-301F-11D3-BF4B-00C04F79EFBC}") = "SerialPortSettingForm", "SerialPortSettingForm.csproj", "{D271502B-5C22-4B4D-9E0C-CFDC166702CC}"
EndProject
Global
	GlobalSection(SourceCodeControl) = preSolution
		SccNumberOfProjects = 1
		SccProjectUniqueName0 = SerialPortSettingForm.csproj
		SccProjectName0 = \u0022$/C#/GraphicControl_Test_1.root/SerialPortSettingForm\u0022,\u0020TAAAAAAA
		SccLocalPath0 = .
		SccProvider0 = MSSCCI:Microsoft\u0020Visual\u0020SourceSafe
	EndGlobalSection
	GlobalSection(SolutionConfigurationPlatforms) = preSolution
		Debug|Any CPU = Debug|Any CPU
		Release|Any CPU = Release|Any CPU
	EndGlobalSection
	GlobalSection(ProjectConfigurationPlatforms) = postSolution
		{D271502B-5C22-4B4D-9E0C-CFDC166702CC}.Debug|Any CPU.ActiveCfg = Debug|Any CPU
		{D271502B-5C22-4B4D-9E0C-CFDC166702CC}.Debug|Any CPU.Build.0 = Debug|Any CPU
		{D271502B-5C22-4B4D-9E0C-CFDC166702CC}.Release|Any CPU.ActiveCfg = Release|Any CPU
		{D271502B-5C22-4B4D-9E0C-CFDC166702CC}.Release|Any CPU.Build.0 = Release|Any CPU
	EndGlobalSection
	GlobalSection(SolutionProperties) = preSolution
		HideSolutionNode = FALSE
	EndGlobalSection
EndGlobal
